// !$*UTF8*$!
{
	archiveVersion = 1;
	classes = {
	};
	objectVersion = 46;
	objects = {

/* Begin PBXBuildFile section */
		9B0620FC1947D9FD00954A3E /* Foundation.framework in Frameworks */ = {isa = PBXBuildFile; fileRef = 9B0620FB1947D9FD00954A3E /* Foundation.framework */; };
		9B0620FE1947D9FD00954A3E /* CoreGraphics.framework in Frameworks */ = {isa = PBXBuildFile; fileRef = 9B0620FD1947D9FD00954A3E /* CoreGraphics.framework */; };
		9B0621001947D9FD00954A3E /* UIKit.framework in Frameworks */ = {isa = PBXBuildFile; fileRef = 9B0620FF1947D9FD00954A3E /* UIKit.framework */; };
		9B0621061947D9FD00954A3E /* InfoPlist.strings in Resources */ = {isa = PBXBuildFile; fileRef = 9B0621041947D9FD00954A3E /* InfoPlist.strings */; };
		9B0621081947D9FD00954A3E /* main.m in Sources */ = {isa = PBXBuildFile; fileRef = 9B0621071947D9FD00954A3E /* main.m */; };
		9B0621141947D9FD00954A3E /* Images.xcassets in Resources */ = {isa = PBXBuildFile; fileRef = 9B0621131947D9FD00954A3E /* Images.xcassets */; };
		9B30C2C11947DA38005B3530 /* AppDelegate.m in Sources */ = {isa = PBXBuildFile; fileRef = 9B30C2C01947DA38005B3530 /* AppDelegate.m */; };
		9B4C70D31947DC67004CD3AE /* SFDataModel.m in Sources */ = {isa = PBXBuildFile; fileRef = 9B4C70D21947DC67004CD3AE /* SFDataModel.m */; };
		9B4C70D61947DC79004CD3AE /* SFUser.m in Sources */ = {isa = PBXBuildFile; fileRef = 9B4C70D51947DC79004CD3AE /* SFUser.m */; };
		9B4C70D91947DC82004CD3AE /* SFStep.m in Sources */ = {isa = PBXBuildFile; fileRef = 9B4C70D81947DC82004CD3AE /* SFStep.m */; };
		9BB02B8E195A643F0072E213 /* SFUserTableViewCell.m in Sources */ = {isa = PBXBuildFile; fileRef = 9BB02B8D195A643F0072E213 /* SFUserTableViewCell.m */; };
		9BB02B93195A64820072E213 /* SFMainViewController.m in Sources */ = {isa = PBXBuildFile; fileRef = 9BB02B92195A64820072E213 /* SFMainViewController.m */; };
		9BB02B9A195A64A90072E213 /* SFBaseNavigationController.m in Sources */ = {isa = PBXBuildFile; fileRef = 9BB02B99195A64A90072E213 /* SFBaseNavigationController.m */; };
		9BB02BAD195A8A9D0072E213 /* SFUser+Additions.m in Sources */ = {isa = PBXBuildFile; fileRef = 9BB02BAC195A8A9D0072E213 /* SFUser+Additions.m */; };
		9BB27ADC19621AB20090629F /* profile_photo_mock_user_1.png in Resources */ = {isa = PBXBuildFile; fileRef = 9BB27ADA19621AB20090629F /* profile_photo_mock_user_1.png */; };
		9BB27ADD19621AB20090629F /* profile_photo_mock_user_1@2x.png in Resources */ = {isa = PBXBuildFile; fileRef = 9BB27ADB19621AB20090629F /* profile_photo_mock_user_1@2x.png */; };
		9BB27AE019621E850090629F /* profile_photo_mock_user_2.png in Resources */ = {isa = PBXBuildFile; fileRef = 9BB27ADE19621E850090629F /* profile_photo_mock_user_2.png */; };
		9BB27AE119621E850090629F /* profile_photo_mock_user_2@2x.png in Resources */ = {isa = PBXBuildFile; fileRef = 9BB27ADF19621E850090629F /* profile_photo_mock_user_2@2x.png */; };
		9BB27AE819621FA30090629F /* profile_photo_mock_user_3.png in Resources */ = {isa = PBXBuildFile; fileRef = 9BB27AE619621FA30090629F /* profile_photo_mock_user_3.png */; };
		9BB27AE919621FA30090629F /* profile_photo_mock_user_3@2x.png in Resources */ = {isa = PBXBuildFile; fileRef = 9BB27AE719621FA30090629F /* profile_photo_mock_user_3@2x.png */; };
		9BB27AEC1962202F0090629F /* profile_photo_mock_user_4.png in Resources */ = {isa = PBXBuildFile; fileRef = 9BB27AEA1962202F0090629F /* profile_photo_mock_user_4.png */; };
		9BB27AED1962202F0090629F /* profile_photo_mock_user_4@2x.png in Resources */ = {isa = PBXBuildFile; fileRef = 9BB27AEB1962202F0090629F /* profile_photo_mock_user_4@2x.png */; };
		9BB27AF0196220A20090629F /* profile_photo_mock_user_5.png in Resources */ = {isa = PBXBuildFile; fileRef = 9BB27AEE196220A20090629F /* profile_photo_mock_user_5.png */; };
		9BB27AF1196220A20090629F /* profile_photo_mock_user_5@2x.png in Resources */ = {isa = PBXBuildFile; fileRef = 9BB27AEF196220A20090629F /* profile_photo_mock_user_5@2x.png */; };
		9BB27AF4196221C60090629F /* profile_photo_mock_user_6.png in Resources */ = {isa = PBXBuildFile; fileRef = 9BB27AF2196221C60090629F /* profile_photo_mock_user_6.png */; };
		9BB27AF5196221C60090629F /* profile_photo_mock_user_6@2x.png in Resources */ = {isa = PBXBuildFile; fileRef = 9BB27AF3196221C60090629F /* profile_photo_mock_user_6@2x.png */; };
		9BB27AF8196222E80090629F /* profile_photo_mock_user_7.png in Resources */ = {isa = PBXBuildFile; fileRef = 9BB27AF6196222E80090629F /* profile_photo_mock_user_7.png */; };
		9BB27AF9196222E80090629F /* profile_photo_mock_user_7@2x.png in Resources */ = {isa = PBXBuildFile; fileRef = 9BB27AF7196222E80090629F /* profile_photo_mock_user_7@2x.png */; };
		9BB27AFC1962237B0090629F /* profile_photo_mock_user_8.png in Resources */ = {isa = PBXBuildFile; fileRef = 9BB27AFA1962237B0090629F /* profile_photo_mock_user_8.png */; };
		9BB27AFD1962237B0090629F /* profile_photo_mock_user_8@2x.png in Resources */ = {isa = PBXBuildFile; fileRef = 9BB27AFB1962237B0090629F /* profile_photo_mock_user_8@2x.png */; };
		9BB27B00196223C60090629F /* profile_photo_mock_user_9.png in Resources */ = {isa = PBXBuildFile; fileRef = 9BB27AFE196223C60090629F /* profile_photo_mock_user_9.png */; };
		9BB27B01196223C60090629F /* profile_photo_mock_user_9@2x.png in Resources */ = {isa = PBXBuildFile; fileRef = 9BB27AFF196223C60090629F /* profile_photo_mock_user_9@2x.png */; };
		9BB27B041962252C0090629F /* profile_photo_mock_user_10.png in Resources */ = {isa = PBXBuildFile; fileRef = 9BB27B021962252C0090629F /* profile_photo_mock_user_10.png */; };
		9BB27B051962252C0090629F /* profile_photo_mock_user_10@2x.png in Resources */ = {isa = PBXBuildFile; fileRef = 9BB27B031962252C0090629F /* profile_photo_mock_user_10@2x.png */; };
		9BB27B0C19622A3F0090629F /* SFChartHeaderView.m in Sources */ = {isa = PBXBuildFile; fileRef = 9BB27B0B19622A3F0090629F /* SFChartHeaderView.m */; };
		9BD9A41A195C9105009E1F14 /* SFChartViewController.m in Sources */ = {isa = PBXBuildFile; fileRef = 9BD9A419195C9105009E1F14 /* SFChartViewController.m */; };
		9BD9A421195C95FC009E1F14 /* SFLineChartView.m in Sources */ = {isa = PBXBuildFile; fileRef = 9BD9A420195C95FC009E1F14 /* SFLineChartView.m */; };
		9BD9A42F195CA316009E1F14 /* SFChartFooterView.m in Sources */ = {isa = PBXBuildFile; fileRef = 9BD9A42E195CA316009E1F14 /* SFChartFooterView.m */; };
		D3D72538695046FF8B71BA0A /* libPods.a in Frameworks */ = {isa = PBXBuildFile; fileRef = 6D991FF4CA6A4C60B7BFC1AD /* libPods.a */; };
/* End PBXBuildFile section */

/* Begin PBXFileReference section */
		564F704D6E66481096A6003A /* Pods.xcconfig */ = {isa = PBXFileReference; includeInIndex = 1; lastKnownFileType = text.xcconfig; name = Pods.xcconfig; path = Pods/Pods.xcconfig; sourceTree = "<group>"; };
		6D991FF4CA6A4C60B7BFC1AD /* libPods.a */ = {isa = PBXFileReference; explicitFileType = archive.ar; includeInIndex = 0; path = libPods.a; sourceTree = BUILT_PRODUCTS_DIR; };
		9B0620F81947D9FD00954A3E /* spark-friends-ios.app */ = {isa = PBXFileReference; explicitFileType = wrapper.application; includeInIndex = 0; path = "spark-friends-ios.app"; sourceTree = BUILT_PRODUCTS_DIR; };
		9B0620FB1947D9FD00954A3E /* Foundation.framework */ = {isa = PBXFileReference; lastKnownFileType = wrapper.framework; name = Foundation.framework; path = System/Library/Frameworks/Foundation.framework; sourceTree = SDKROOT; };
		9B0620FD1947D9FD00954A3E /* CoreGraphics.framework */ = {isa = PBXFileReference; lastKnownFileType = wrapper.framework; name = CoreGraphics.framework; path = System/Library/Frameworks/CoreGraphics.framework; sourceTree = SDKROOT; };
		9B0620FF1947D9FD00954A3E /* UIKit.framework */ = {isa = PBXFileReference; lastKnownFileType = wrapper.framework; name = UIKit.framework; path = System/Library/Frameworks/UIKit.framework; sourceTree = SDKROOT; };
		9B0621031947D9FD00954A3E /* spark-friends-ios-Info.plist */ = {isa = PBXFileReference; lastKnownFileType = text.plist.xml; path = "spark-friends-ios-Info.plist"; sourceTree = "<group>"; };
		9B0621051947D9FD00954A3E /* en */ = {isa = PBXFileReference; lastKnownFileType = text.plist.strings; name = en; path = en.lproj/InfoPlist.strings; sourceTree = "<group>"; };
		9B0621071947D9FD00954A3E /* main.m */ = {isa = PBXFileReference; lastKnownFileType = sourcecode.c.objc; path = main.m; sourceTree = "<group>"; };
		9B0621091947D9FD00954A3E /* spark-friends-ios-Prefix.pch */ = {isa = PBXFileReference; lastKnownFileType = sourcecode.c.h; path = "spark-friends-ios-Prefix.pch"; sourceTree = "<group>"; };
		9B0621131947D9FD00954A3E /* Images.xcassets */ = {isa = PBXFileReference; lastKnownFileType = folder.assetcatalog; path = Images.xcassets; sourceTree = "<group>"; };
		9B06211A1947D9FD00954A3E /* XCTest.framework */ = {isa = PBXFileReference; lastKnownFileType = wrapper.framework; name = XCTest.framework; path = Library/Frameworks/XCTest.framework; sourceTree = DEVELOPER_DIR; };
		9B30C2BF1947DA38005B3530 /* AppDelegate.h */ = {isa = PBXFileReference; fileEncoding = 4; lastKnownFileType = sourcecode.c.h; path = AppDelegate.h; sourceTree = "<group>"; };
		9B30C2C01947DA38005B3530 /* AppDelegate.m */ = {isa = PBXFileReference; fileEncoding = 4; lastKnownFileType = sourcecode.c.objc; path = AppDelegate.m; sourceTree = "<group>"; };
		9B4C70D11947DC67004CD3AE /* SFDataModel.h */ = {isa = PBXFileReference; fileEncoding = 4; lastKnownFileType = sourcecode.c.h; path = SFDataModel.h; sourceTree = "<group>"; };
		9B4C70D21947DC67004CD3AE /* SFDataModel.m */ = {isa = PBXFileReference; fileEncoding = 4; lastKnownFileType = sourcecode.c.objc; path = SFDataModel.m; sourceTree = "<group>"; };
		9B4C70D41947DC79004CD3AE /* SFUser.h */ = {isa = PBXFileReference; fileEncoding = 4; lastKnownFileType = sourcecode.c.h; path = SFUser.h; sourceTree = "<group>"; };
		9B4C70D51947DC79004CD3AE /* SFUser.m */ = {isa = PBXFileReference; fileEncoding = 4; lastKnownFileType = sourcecode.c.objc; path = SFUser.m; sourceTree = "<group>"; };
		9B4C70D71947DC82004CD3AE /* SFStep.h */ = {isa = PBXFileReference; fileEncoding = 4; lastKnownFileType = sourcecode.c.h; path = SFStep.h; sourceTree = "<group>"; };
		9B4C70D81947DC82004CD3AE /* SFStep.m */ = {isa = PBXFileReference; fileEncoding = 4; lastKnownFileType = sourcecode.c.objc; path = SFStep.m; sourceTree = "<group>"; };
		9B6DEBBE196241B1005FFCE2 /* SFFontConstants.h */ = {isa = PBXFileReference; fileEncoding = 4; lastKnownFileType = sourcecode.c.h; path = SFFontConstants.h; sourceTree = "<group>"; };
		9BB02B8C195A643F0072E213 /* SFUserTableViewCell.h */ = {isa = PBXFileReference; fileEncoding = 4; lastKnownFileType = sourcecode.c.h; path = SFUserTableViewCell.h; sourceTree = "<group>"; };
		9BB02B8D195A643F0072E213 /* SFUserTableViewCell.m */ = {isa = PBXFileReference; fileEncoding = 4; lastKnownFileType = sourcecode.c.objc; path = SFUserTableViewCell.m; sourceTree = "<group>"; };
		9BB02B91195A64820072E213 /* SFMainViewController.h */ = {isa = PBXFileReference; fileEncoding = 4; lastKnownFileType = sourcecode.c.h; path = SFMainViewController.h; sourceTree = "<group>"; };
		9BB02B92195A64820072E213 /* SFMainViewController.m */ = {isa = PBXFileReference; fileEncoding = 4; lastKnownFileType = sourcecode.c.objc; path = SFMainViewController.m; sourceTree = "<group>"; };
		9BB02B98195A64A90072E213 /* SFBaseNavigationController.h */ = {isa = PBXFileReference; fileEncoding = 4; lastKnownFileType = sourcecode.c.h; path = SFBaseNavigationController.h; sourceTree = "<group>"; };
		9BB02B99195A64A90072E213 /* SFBaseNavigationController.m */ = {isa = PBXFileReference; fileEncoding = 4; lastKnownFileType = sourcecode.c.objc; path = SFBaseNavigationController.m; sourceTree = "<group>"; };
		9BB02B9D195A6F250072E213 /* SFConstants.h */ = {isa = PBXFileReference; fileEncoding = 4; lastKnownFileType = sourcecode.c.h; path = SFConstants.h; sourceTree = "<group>"; };
		9BB02B9E195A6F320072E213 /* SFColorConstants.h */ = {isa = PBXFileReference; fileEncoding = 4; lastKnownFileType = sourcecode.c.h; path = SFColorConstants.h; sourceTree = "<group>"; };
		9BB02B9F195A6F3D0072E213 /* SFStringConstants.h */ = {isa = PBXFileReference; fileEncoding = 4; lastKnownFileType = sourcecode.c.h; path = SFStringConstants.h; sourceTree = "<group>"; };
		9BB02BAB195A8A9D0072E213 /* SFUser+Additions.h */ = {isa = PBXFileReference; fileEncoding = 4; lastKnownFileType = sourcecode.c.h; path = "SFUser+Additions.h"; sourceTree = "<group>"; };
		9BB02BAC195A8A9D0072E213 /* SFUser+Additions.m */ = {isa = PBXFileReference; fileEncoding = 4; lastKnownFileType = sourcecode.c.objc; path = "SFUser+Additions.m"; sourceTree = "<group>"; };
		9BB27ADA19621AB20090629F /* profile_photo_mock_user_1.png */ = {isa = PBXFileReference; lastKnownFileType = image.png; path = profile_photo_mock_user_1.png; sourceTree = "<group>"; };
		9BB27ADB19621AB20090629F /* profile_photo_mock_user_1@2x.png */ = {isa = PBXFileReference; lastKnownFileType = image.png; path = "profile_photo_mock_user_1@2x.png"; sourceTree = "<group>"; };
		9BB27ADE19621E850090629F /* profile_photo_mock_user_2.png */ = {isa = PBXFileReference; lastKnownFileType = image.png; path = profile_photo_mock_user_2.png; sourceTree = "<group>"; };
		9BB27ADF19621E850090629F /* profile_photo_mock_user_2@2x.png */ = {isa = PBXFileReference; lastKnownFileType = image.png; path = "profile_photo_mock_user_2@2x.png"; sourceTree = "<group>"; };
		9BB27AE619621FA30090629F /* profile_photo_mock_user_3.png */ = {isa = PBXFileReference; lastKnownFileType = image.png; path = profile_photo_mock_user_3.png; sourceTree = "<group>"; };
		9BB27AE719621FA30090629F /* profile_photo_mock_user_3@2x.png */ = {isa = PBXFileReference; lastKnownFileType = image.png; path = "profile_photo_mock_user_3@2x.png"; sourceTree = "<group>"; };
		9BB27AEA1962202F0090629F /* profile_photo_mock_user_4.png */ = {isa = PBXFileReference; lastKnownFileType = image.png; path = profile_photo_mock_user_4.png; sourceTree = "<group>"; };
		9BB27AEB1962202F0090629F /* profile_photo_mock_user_4@2x.png */ = {isa = PBXFileReference; lastKnownFileType = image.png; path = "profile_photo_mock_user_4@2x.png"; sourceTree = "<group>"; };
		9BB27AEE196220A20090629F /* profile_photo_mock_user_5.png */ = {isa = PBXFileReference; lastKnownFileType = image.png; path = profile_photo_mock_user_5.png; sourceTree = "<group>"; };
		9BB27AEF196220A20090629F /* profile_photo_mock_user_5@2x.png */ = {isa = PBXFileReference; lastKnownFileType = image.png; path = "profile_photo_mock_user_5@2x.png"; sourceTree = "<group>"; };
		9BB27AF2196221C60090629F /* profile_photo_mock_user_6.png */ = {isa = PBXFileReference; lastKnownFileType = image.png; path = profile_photo_mock_user_6.png; sourceTree = "<group>"; };
		9BB27AF3196221C60090629F /* profile_photo_mock_user_6@2x.png */ = {isa = PBXFileReference; lastKnownFileType = image.png; path = "profile_photo_mock_user_6@2x.png"; sourceTree = "<group>"; };
		9BB27AF6196222E80090629F /* profile_photo_mock_user_7.png */ = {isa = PBXFileReference; lastKnownFileType = image.png; path = profile_photo_mock_user_7.png; sourceTree = "<group>"; };
		9BB27AF7196222E80090629F /* profile_photo_mock_user_7@2x.png */ = {isa = PBXFileReference; lastKnownFileType = image.png; path = "profile_photo_mock_user_7@2x.png"; sourceTree = "<group>"; };
		9BB27AFA1962237B0090629F /* profile_photo_mock_user_8.png */ = {isa = PBXFileReference; lastKnownFileType = image.png; path = profile_photo_mock_user_8.png; sourceTree = "<group>"; };
		9BB27AFB1962237B0090629F /* profile_photo_mock_user_8@2x.png */ = {isa = PBXFileReference; lastKnownFileType = image.png; path = "profile_photo_mock_user_8@2x.png"; sourceTree = "<group>"; };
		9BB27AFE196223C60090629F /* profile_photo_mock_user_9.png */ = {isa = PBXFileReference; lastKnownFileType = image.png; path = profile_photo_mock_user_9.png; sourceTree = "<group>"; };
		9BB27AFF196223C60090629F /* profile_photo_mock_user_9@2x.png */ = {isa = PBXFileReference; lastKnownFileType = image.png; path = "profile_photo_mock_user_9@2x.png"; sourceTree = "<group>"; };
		9BB27B021962252C0090629F /* profile_photo_mock_user_10.png */ = {isa = PBXFileReference; lastKnownFileType = image.png; path = profile_photo_mock_user_10.png; sourceTree = "<group>"; };
		9BB27B031962252C0090629F /* profile_photo_mock_user_10@2x.png */ = {isa = PBXFileReference; lastKnownFileType = image.png; path = "profile_photo_mock_user_10@2x.png"; sourceTree = "<group>"; };
		9BB27B0A19622A3F0090629F /* SFChartHeaderView.h */ = {isa = PBXFileReference; fileEncoding = 4; lastKnownFileType = sourcecode.c.h; path = SFChartHeaderView.h; sourceTree = "<group>"; };
		9BB27B0B19622A3F0090629F /* SFChartHeaderView.m */ = {isa = PBXFileReference; fileEncoding = 4; lastKnownFileType = sourcecode.c.objc; path = SFChartHeaderView.m; sourceTree = "<group>"; };
		9BD9A418195C9105009E1F14 /* SFChartViewController.h */ = {isa = PBXFileReference; fileEncoding = 4; lastKnownFileType = sourcecode.c.h; path = SFChartViewController.h; sourceTree = "<group>"; };
		9BD9A419195C9105009E1F14 /* SFChartViewController.m */ = {isa = PBXFileReference; fileEncoding = 4; lastKnownFileType = sourcecode.c.objc; path = SFChartViewController.m; sourceTree = "<group>"; };
		9BD9A41F195C95FC009E1F14 /* SFLineChartView.h */ = {isa = PBXFileReference; fileEncoding = 4; lastKnownFileType = sourcecode.c.h; path = SFLineChartView.h; sourceTree = "<group>"; };
		9BD9A420195C95FC009E1F14 /* SFLineChartView.m */ = {isa = PBXFileReference; fileEncoding = 4; lastKnownFileType = sourcecode.c.objc; path = SFLineChartView.m; sourceTree = "<group>"; };
		9BD9A42D195CA316009E1F14 /* SFChartFooterView.h */ = {isa = PBXFileReference; fileEncoding = 4; lastKnownFileType = sourcecode.c.h; path = SFChartFooterView.h; sourceTree = "<group>"; };
		9BD9A42E195CA316009E1F14 /* SFChartFooterView.m */ = {isa = PBXFileReference; fileEncoding = 4; lastKnownFileType = sourcecode.c.objc; path = SFChartFooterView.m; sourceTree = "<group>"; };
/* End PBXFileReference section */

/* Begin PBXFrameworksBuildPhase section */
		9B0620F51947D9FD00954A3E /* Frameworks */ = {
			isa = PBXFrameworksBuildPhase;
			buildActionMask = 2147483647;
			files = (
				9B0620FE1947D9FD00954A3E /* CoreGraphics.framework in Frameworks */,
				9B0621001947D9FD00954A3E /* UIKit.framework in Frameworks */,
				9B0620FC1947D9FD00954A3E /* Foundation.framework in Frameworks */,
				D3D72538695046FF8B71BA0A /* libPods.a in Frameworks */,
			);
			runOnlyForDeploymentPostprocessing = 0;
		};
/* End PBXFrameworksBuildPhase section */

/* Begin PBXGroup section */
		9B0620EF1947D9FD00954A3E = {
			isa = PBXGroup;
			children = (
				9B0621011947D9FD00954A3E /* spark-friends-ios */,
				9B0620FA1947D9FD00954A3E /* Frameworks */,
				9B0620F91947D9FD00954A3E /* Products */,
				9BFF4E701960885400924EB3 /* Resources */,
				564F704D6E66481096A6003A /* Pods.xcconfig */,
			);
			sourceTree = "<group>";
		};
		9B0620F91947D9FD00954A3E /* Products */ = {
			isa = PBXGroup;
			children = (
				9B0620F81947D9FD00954A3E /* spark-friends-ios.app */,
			);
			name = Products;
			sourceTree = "<group>";
		};
		9B0620FA1947D9FD00954A3E /* Frameworks */ = {
			isa = PBXGroup;
			children = (
				9B0620FB1947D9FD00954A3E /* Foundation.framework */,
				9B0620FD1947D9FD00954A3E /* CoreGraphics.framework */,
				9B0620FF1947D9FD00954A3E /* UIKit.framework */,
				9B06211A1947D9FD00954A3E /* XCTest.framework */,
				6D991FF4CA6A4C60B7BFC1AD /* libPods.a */,
			);
			name = Frameworks;
			sourceTree = "<group>";
		};
		9B0621011947D9FD00954A3E /* spark-friends-ios */ = {
			isa = PBXGroup;
			children = (
				9BB02B9C195A6F250072E213 /* Constants */,
				9BB02B8F195A64820072E213 /* Controllers */,
				9B30C2BE1947DA38005B3530 /* Delegate */,
				9B4C70D01947DC67004CD3AE /* Model */,
				9B0621131947D9FD00954A3E /* Images.xcassets */,
				9B0621021947D9FD00954A3E /* Supporting Files */,
				9BB02B8A195A643F0072E213 /* Views */,
			);
			path = "spark-friends-ios";
			sourceTree = "<group>";
		};
		9B0621021947D9FD00954A3E /* Supporting Files */ = {
			isa = PBXGroup;
			children = (
				9B0621031947D9FD00954A3E /* spark-friends-ios-Info.plist */,
				9B0621041947D9FD00954A3E /* InfoPlist.strings */,
				9B0621071947D9FD00954A3E /* main.m */,
				9B0621091947D9FD00954A3E /* spark-friends-ios-Prefix.pch */,
			);
			name = "Supporting Files";
			sourceTree = "<group>";
		};
		9B30C2BE1947DA38005B3530 /* Delegate */ = {
			isa = PBXGroup;
			children = (
				9B30C2BF1947DA38005B3530 /* AppDelegate.h */,
				9B30C2C01947DA38005B3530 /* AppDelegate.m */,
			);
			path = Delegate;
			sourceTree = "<group>";
		};
		9B4C70D01947DC67004CD3AE /* Model */ = {
			isa = PBXGroup;
			children = (
				9BB02BAA195A8A9D0072E213 /* Additions */,
				9B4C70D11947DC67004CD3AE /* SFDataModel.h */,
				9B4C70D21947DC67004CD3AE /* SFDataModel.m */,
				9B4C70D41947DC79004CD3AE /* SFUser.h */,
				9B4C70D51947DC79004CD3AE /* SFUser.m */,
				9B4C70D71947DC82004CD3AE /* SFStep.h */,
				9B4C70D81947DC82004CD3AE /* SFStep.m */,
			);
			path = Model;
			sourceTree = "<group>";
		};
		9BB02B8A195A643F0072E213 /* Views */ = {
			isa = PBXGroup;
			children = (
				9BD9A41E195C95FC009E1F14 /* Charts */,
				9BB02B8B195A643F0072E213 /* Cells */,
				9BD9A42C195CA316009E1F14 /* Footers */,
				9BB27B0919622A3F0090629F /* Headers */,
			);
			path = Views;
			sourceTree = "<group>";
		};
		9BB02B8B195A643F0072E213 /* Cells */ = {
			isa = PBXGroup;
			children = (
				9BB02B8C195A643F0072E213 /* SFUserTableViewCell.h */,
				9BB02B8D195A643F0072E213 /* SFUserTableViewCell.m */,
			);
			path = Cells;
			sourceTree = "<group>";
		};
		9BB02B8F195A64820072E213 /* Controllers */ = {
			isa = PBXGroup;
			children = (
				9BB02B97195A64A90072E213 /* Base */,
				9BB02B90195A64820072E213 /* Main */,
			);
			path = Controllers;
			sourceTree = "<group>";
		};
		9BB02B90195A64820072E213 /* Main */ = {
			isa = PBXGroup;
			children = (
				9BD9A418195C9105009E1F14 /* SFChartViewController.h */,
				9BD9A419195C9105009E1F14 /* SFChartViewController.m */,
				9BB02B91195A64820072E213 /* SFMainViewController.h */,
				9BB02B92195A64820072E213 /* SFMainViewController.m */,
			);
			path = Main;
			sourceTree = "<group>";
		};
		9BB02B97195A64A90072E213 /* Base */ = {
			isa = PBXGroup;
			children = (
				9BB02B98195A64A90072E213 /* SFBaseNavigationController.h */,
				9BB02B99195A64A90072E213 /* SFBaseNavigationController.m */,
			);
			path = Base;
			sourceTree = "<group>";
		};
		9BB02B9C195A6F250072E213 /* Constants */ = {
			isa = PBXGroup;
			children = (
				9BB02B9E195A6F320072E213 /* SFColorConstants.h */,
				9BB02B9D195A6F250072E213 /* SFConstants.h */,
				9B6DEBBE196241B1005FFCE2 /* SFFontConstants.h */,
				9BB02B9F195A6F3D0072E213 /* SFStringConstants.h */,
			);
			path = Constants;
			sourceTree = "<group>";
		};
		9BB02BAA195A8A9D0072E213 /* Additions */ = {
			isa = PBXGroup;
			children = (
				9BB02BAB195A8A9D0072E213 /* SFUser+Additions.h */,
				9BB02BAC195A8A9D0072E213 /* SFUser+Additions.m */,
			);
			path = Additions;
			sourceTree = "<group>";
		};
		9BB27B0919622A3F0090629F /* Headers */ = {
			isa = PBXGroup;
			children = (
				9BB27B0A19622A3F0090629F /* SFChartHeaderView.h */,
				9BB27B0B19622A3F0090629F /* SFChartHeaderView.m */,
			);
			path = Headers;
			sourceTree = "<group>";
		};
		9BD9A41E195C95FC009E1F14 /* Charts */ = {
			isa = PBXGroup;
			children = (
				9BD9A41F195C95FC009E1F14 /* SFLineChartView.h */,
				9BD9A420195C95FC009E1F14 /* SFLineChartView.m */,
			);
			path = Charts;
			sourceTree = "<group>";
		};
		9BD9A42C195CA316009E1F14 /* Footers */ = {
			isa = PBXGroup;
			children = (
				9BD9A42D195CA316009E1F14 /* SFChartFooterView.h */,
				9BD9A42E195CA316009E1F14 /* SFChartFooterView.m */,
			);
			path = Footers;
			sourceTree = "<group>";
		};
		9BFF4E701960885400924EB3 /* Resources */ = {
			isa = PBXGroup;
			children = (
				9BFF4E711960885400924EB3 /* Images */,
			);
			path = Resources;
			sourceTree = "<group>";
		};
		9BFF4E711960885400924EB3 /* Images */ = {
			isa = PBXGroup;
			children = (
				9BB27ADA19621AB20090629F /* profile_photo_mock_user_1.png */,
				9BB27ADB19621AB20090629F /* profile_photo_mock_user_1@2x.png */,
				9BB27ADE19621E850090629F /* profile_photo_mock_user_2.png */,
				9BB27ADF19621E850090629F /* profile_photo_mock_user_2@2x.png */,
				9BB27AE619621FA30090629F /* profile_photo_mock_user_3.png */,
				9BB27AE719621FA30090629F /* profile_photo_mock_user_3@2x.png */,
				9BB27AEA1962202F0090629F /* profile_photo_mock_user_4.png */,
				9BB27AEB1962202F0090629F /* profile_photo_mock_user_4@2x.png */,
				9BB27AEE196220A20090629F /* profile_photo_mock_user_5.png */,
				9BB27AEF196220A20090629F /* profile_photo_mock_user_5@2x.png */,
				9BB27AF2196221C60090629F /* profile_photo_mock_user_6.png */,
				9BB27AF3196221C60090629F /* profile_photo_mock_user_6@2x.png */,
				9BB27AF6196222E80090629F /* profile_photo_mock_user_7.png */,
				9BB27AF7196222E80090629F /* profile_photo_mock_user_7@2x.png */,
				9BB27AFA1962237B0090629F /* profile_photo_mock_user_8.png */,
				9BB27AFB1962237B0090629F /* profile_photo_mock_user_8@2x.png */,
				9BB27AFE196223C60090629F /* profile_photo_mock_user_9.png */,
				9BB27AFF196223C60090629F /* profile_photo_mock_user_9@2x.png */,
				9BB27B021962252C0090629F /* profile_photo_mock_user_10.png */,
				9BB27B031962252C0090629F /* profile_photo_mock_user_10@2x.png */,
			);
			path = Images;
			sourceTree = "<group>";
		};
/* End PBXGroup section */

/* Begin PBXNativeTarget section */
		9B0620F71947D9FD00954A3E /* spark-friends-ios */ = {
			isa = PBXNativeTarget;
			buildConfigurationList = 9B06212A1947D9FD00954A3E /* Build configuration list for PBXNativeTarget "spark-friends-ios" */;
			buildPhases = (
				44B2C5ECC8F3426BA856D4AA /* Check Pods Manifest.lock */,
				9B0620F41947D9FD00954A3E /* Sources */,
				9B0620F51947D9FD00954A3E /* Frameworks */,
				9B0620F61947D9FD00954A3E /* Resources */,
				26FDD138FE9F4A85A88CA59C /* Copy Pods Resources */,
			);
			buildRules = (
			);
			dependencies = (
			);
			name = "spark-friends-ios";
			productName = "spark-friends-ios";
			productReference = 9B0620F81947D9FD00954A3E /* spark-friends-ios.app */;
			productType = "com.apple.product-type.application";
		};
/* End PBXNativeTarget section */

/* Begin PBXProject section */
		9B0620F01947D9FD00954A3E /* Project object */ = {
			isa = PBXProject;
			attributes = {
				LastUpgradeCheck = 0510;
				ORGANIZATIONNAME = Jawbone;
			};
			buildConfigurationList = 9B0620F31947D9FD00954A3E /* Build configuration list for PBXProject "spark-friends-ios" */;
			compatibilityVersion = "Xcode 3.2";
			developmentRegion = English;
			hasScannedForEncodings = 0;
			knownRegions = (
				en,
				Base,
			);
			mainGroup = 9B0620EF1947D9FD00954A3E;
			productRefGroup = 9B0620F91947D9FD00954A3E /* Products */;
			projectDirPath = "";
			projectRoot = "";
			targets = (
				9B0620F71947D9FD00954A3E /* spark-friends-ios */,
			);
		};
/* End PBXProject section */

/* Begin PBXResourcesBuildPhase section */
		9B0620F61947D9FD00954A3E /* Resources */ = {
			isa = PBXResourcesBuildPhase;
			buildActionMask = 2147483647;
			files = (
				9BB27AF1196220A20090629F /* profile_photo_mock_user_5@2x.png in Resources */,
				9BB27AF8196222E80090629F /* profile_photo_mock_user_7.png in Resources */,
				9BB27AE919621FA30090629F /* profile_photo_mock_user_3@2x.png in Resources */,
				9BB27AF4196221C60090629F /* profile_photo_mock_user_6.png in Resources */,
				9BB27AE119621E850090629F /* profile_photo_mock_user_2@2x.png in Resources */,
				9BB27B051962252C0090629F /* profile_photo_mock_user_10@2x.png in Resources */,
				9BB27AEC1962202F0090629F /* profile_photo_mock_user_4.png in Resources */,
				9BB27AFD1962237B0090629F /* profile_photo_mock_user_8@2x.png in Resources */,
				9BB27ADD19621AB20090629F /* profile_photo_mock_user_1@2x.png in Resources */,
				9BB27AF5196221C60090629F /* profile_photo_mock_user_6@2x.png in Resources */,
				9BB27AF9196222E80090629F /* profile_photo_mock_user_7@2x.png in Resources */,
				9B0621141947D9FD00954A3E /* Images.xcassets in Resources */,
				9BB27AE019621E850090629F /* profile_photo_mock_user_2.png in Resources */,
				9BB27AFC1962237B0090629F /* profile_photo_mock_user_8.png in Resources */,
				9BB27AED1962202F0090629F /* profile_photo_mock_user_4@2x.png in Resources */,
				9BB27AF0196220A20090629F /* profile_photo_mock_user_5.png in Resources */,
				9B0621061947D9FD00954A3E /* InfoPlist.strings in Resources */,
				9BB27B01196223C60090629F /* profile_photo_mock_user_9@2x.png in Resources */,
				9BB27AE819621FA30090629F /* profile_photo_mock_user_3.png in Resources */,
				9BB27B00196223C60090629F /* profile_photo_mock_user_9.png in Resources */,
				9BB27ADC19621AB20090629F /* profile_photo_mock_user_1.png in Resources */,
				9BB27B041962252C0090629F /* profile_photo_mock_user_10.png in Resources */,
			);
			runOnlyForDeploymentPostprocessing = 0;
		};
/* End PBXResourcesBuildPhase section */

/* Begin PBXShellScriptBuildPhase section */
		26FDD138FE9F4A85A88CA59C /* Copy Pods Resources */ = {
			isa = PBXShellScriptBuildPhase;
			buildActionMask = 2147483647;
			files = (
			);
			inputPaths = (
			);
			name = "Copy Pods Resources";
			outputPaths = (
			);
			runOnlyForDeploymentPostprocessing = 0;
			shellPath = /bin/sh;
			shellScript = "\"${SRCROOT}/Pods/Pods-resources.sh\"\n";
			showEnvVarsInLog = 0;
		};
		44B2C5ECC8F3426BA856D4AA /* Check Pods Manifest.lock */ = {
			isa = PBXShellScriptBuildPhase;
			buildActionMask = 2147483647;
			files = (
			);
			inputPaths = (
			);
			name = "Check Pods Manifest.lock";
			outputPaths = (
			);
			runOnlyForDeploymentPostprocessing = 0;
			shellPath = /bin/sh;
			shellScript = "diff \"${PODS_ROOT}/../Podfile.lock\" \"${PODS_ROOT}/Manifest.lock\" > /dev/null\nif [[ $? != 0 ]] ; then\n    cat << EOM\nerror: The sandbox is not in sync with the Podfile.lock. Run 'pod install' or update your CocoaPods installation.\nEOM\n    exit 1\nfi\n";
			showEnvVarsInLog = 0;
		};
/* End PBXShellScriptBuildPhase section */

/* Begin PBXSourcesBuildPhase section */
		9B0620F41947D9FD00954A3E /* Sources */ = {
			isa = PBXSourcesBuildPhase;
			buildActionMask = 2147483647;
			files = (
				9BD9A41A195C9105009E1F14 /* SFChartViewController.m in Sources */,
				9BB02BAD195A8A9D0072E213 /* SFUser+Additions.m in Sources */,
				9B4C70D91947DC82004CD3AE /* SFStep.m in Sources */,
				9B4C70D31947DC67004CD3AE /* SFDataModel.m in Sources */,
				9B0621081947D9FD00954A3E /* main.m in Sources */,
				9B30C2C11947DA38005B3530 /* AppDelegate.m in Sources */,
				9BB27B0C19622A3F0090629F /* SFChartHeaderView.m in Sources */,
				9B4C70D61947DC79004CD3AE /* SFUser.m in Sources */,
				9BD9A42F195CA316009E1F14 /* SFChartFooterView.m in Sources */,
				9BB02B93195A64820072E213 /* SFMainViewController.m in Sources */,
				9BB02B8E195A643F0072E213 /* SFUserTableViewCell.m in Sources */,
				9BB02B9A195A64A90072E213 /* SFBaseNavigationController.m in Sources */,
				9BD9A421195C95FC009E1F14 /* SFLineChartView.m in Sources */,
			);
			runOnlyForDeploymentPostprocessing = 0;
		};
/* End PBXSourcesBuildPhase section */

/* Begin PBXVariantGroup section */
		9B0621041947D9FD00954A3E /* InfoPlist.strings */ = {
			isa = PBXVariantGroup;
			children = (
				9B0621051947D9FD00954A3E /* en */,
			);
			name = InfoPlist.strings;
			sourceTree = "<group>";
		};
/* End PBXVariantGroup section */

/* Begin XCBuildConfiguration section */
		9B0621281947D9FD00954A3E /* Debug */ = {
			isa = XCBuildConfiguration;
			buildSettings = {
				ALWAYS_SEARCH_USER_PATHS = NO;
				CLANG_CXX_LANGUAGE_STANDARD = "gnu++0x";
				CLANG_CXX_LIBRARY = "libc++";
				CLANG_ENABLE_MODULES = YES;
				CLANG_ENABLE_OBJC_ARC = YES;
				CLANG_WARN_BOOL_CONVERSION = YES;
				CLANG_WARN_CONSTANT_CONVERSION = YES;
				CLANG_WARN_DIRECT_OBJC_ISA_USAGE = YES_ERROR;
				CLANG_WARN_EMPTY_BODY = YES;
				CLANG_WARN_ENUM_CONVERSION = YES;
				CLANG_WARN_INT_CONVERSION = YES;
				CLANG_WARN_OBJC_ROOT_CLASS = YES_ERROR;
				CLANG_WARN__DUPLICATE_METHOD_MATCH = YES;
				"CODE_SIGN_IDENTITY[sdk=iphoneos*]" = "iPhone Developer";
				COPY_PHASE_STRIP = NO;
				GCC_C_LANGUAGE_STANDARD = gnu99;
				GCC_DYNAMIC_NO_PIC = NO;
				GCC_OPTIMIZATION_LEVEL = 0;
				GCC_PREPROCESSOR_DEFINITIONS = (
					"DEBUG=1",
					"$(inherited)",
				);
				GCC_SYMBOLS_PRIVATE_EXTERN = NO;
				GCC_WARN_64_TO_32_BIT_CONVERSION = YES;
				GCC_WARN_ABOUT_RETURN_TYPE = YES_ERROR;
				GCC_WARN_UNDECLARED_SELECTOR = YES;
				GCC_WARN_UNINITIALIZED_AUTOS = YES_AGGRESSIVE;
				GCC_WARN_UNUSED_FUNCTION = YES;
				GCC_WARN_UNUSED_VARIABLE = YES;
				IPHONEOS_DEPLOYMENT_TARGET = 7.1;
				ONLY_ACTIVE_ARCH = YES;
				SDKROOT = iphoneos;
			};
			name = Debug;
		};
		9B0621291947D9FD00954A3E /* Release */ = {
			isa = XCBuildConfiguration;
			buildSettings = {
				ALWAYS_SEARCH_USER_PATHS = NO;
				CLANG_CXX_LANGUAGE_STANDARD = "gnu++0x";
				CLANG_CXX_LIBRARY = "libc++";
				CLANG_ENABLE_MODULES = YES;
				CLANG_ENABLE_OBJC_ARC = YES;
				CLANG_WARN_BOOL_CONVERSION = YES;
				CLANG_WARN_CONSTANT_CONVERSION = YES;
				CLANG_WARN_DIRECT_OBJC_ISA_USAGE = YES_ERROR;
				CLANG_WARN_EMPTY_BODY = YES;
				CLANG_WARN_ENUM_CONVERSION = YES;
				CLANG_WARN_INT_CONVERSION = YES;
				CLANG_WARN_OBJC_ROOT_CLASS = YES_ERROR;
				CLANG_WARN__DUPLICATE_METHOD_MATCH = YES;
				"CODE_SIGN_IDENTITY[sdk=iphoneos*]" = "iPhone Developer";
				COPY_PHASE_STRIP = YES;
				ENABLE_NS_ASSERTIONS = NO;
				GCC_C_LANGUAGE_STANDARD = gnu99;
				GCC_WARN_64_TO_32_BIT_CONVERSION = YES;
				GCC_WARN_ABOUT_RETURN_TYPE = YES_ERROR;
				GCC_WARN_UNDECLARED_SELECTOR = YES;
				GCC_WARN_UNINITIALIZED_AUTOS = YES_AGGRESSIVE;
				GCC_WARN_UNUSED_FUNCTION = YES;
				GCC_WARN_UNUSED_VARIABLE = YES;
				IPHONEOS_DEPLOYMENT_TARGET = 7.1;
				SDKROOT = iphoneos;
				VALIDATE_PRODUCT = YES;
			};
			name = Release;
		};
		9B06212B1947D9FD00954A3E /* Debug */ = {
			isa = XCBuildConfiguration;
			baseConfigurationReference = 564F704D6E66481096A6003A /* Pods.xcconfig */;
			buildSettings = {
				ASSETCATALOG_COMPILER_APPICON_NAME = AppIcon;
				ASSETCATALOG_COMPILER_LAUNCHIMAGE_NAME = LaunchImage;
				GCC_PRECOMPILE_PREFIX_HEADER = YES;
				GCC_PREFIX_HEADER = "spark-friends-ios/spark-friends-ios-Prefix.pch";
				INFOPLIST_FILE = "spark-friends-ios/spark-friends-ios-Info.plist";
				PRODUCT_NAME = "$(TARGET_NAME)";
				WRAPPER_EXTENSION = app;
			};
			name = Debug;
		};
		9B06212C1947D9FD00954A3E /* Release */ = {
			isa = XCBuildConfiguration;
			baseConfigurationReference = 564F704D6E66481096A6003A /* Pods.xcconfig */;
			buildSettings = {
				ASSETCATALOG_COMPILER_APPICON_NAME = AppIcon;
				ASSETCATALOG_COMPILER_LAUNCHIMAGE_NAME = LaunchImage;
				GCC_PRECOMPILE_PREFIX_HEADER = YES;
				GCC_PREFIX_HEADER = "spark-friends-ios/spark-friends-ios-Prefix.pch";
				INFOPLIST_FILE = "spark-friends-ios/spark-friends-ios-Info.plist";
				PRODUCT_NAME = "$(TARGET_NAME)";
				WRAPPER_EXTENSION = app;
			};
			name = Release;
		};
/* End XCBuildConfiguration section */

/* Begin XCConfigurationList section */
		9B0620F31947D9FD00954A3E /* Build configuration list for PBXProject "spark-friends-ios" */ = {
			isa = XCConfigurationList;
			buildConfigurations = (
				9B0621281947D9FD00954A3E /* Debug */,
				9B0621291947D9FD00954A3E /* Release */,
			);
			defaultConfigurationIsVisible = 0;
			defaultConfigurationName = Release;
		};
		9B06212A1947D9FD00954A3E /* Build configuration list for PBXNativeTarget "spark-friends-ios" */ = {
			isa = XCConfigurationList;
			buildConfigurations = (
				9B06212B1947D9FD00954A3E /* Debug */,
				9B06212C1947D9FD00954A3E /* Release */,
			);
			defaultConfigurationIsVisible = 0;
			defaultConfigurationName = Release;
		};
/* End XCConfigurationList section */
	};
	rootObject = 9B0620F01947D9FD00954A3E /* Project object */;
}
